{
  "name": "03-dzz",
  "lockfileVersion": 3,
  "requires": true,
  "packages": {
    "": {
      "dependencies": {
        "lucide": "^1.14.0"
      }
    },
    "node_modules/lucide": {
      "version": "1.14.0",
      "resolved": "https://registry.npmjs.org/lucide/-/lucide-1.14.0.tgz",
      "integrity": "sha512-IoRC3lHwemJWvsXKcHK90hkgY4h1HGztBL63w2XwFtIu8gFDPp4/kiuqVtlN3vaM9bxsLQ4ZUBJfGsbKFaB2IA==",
      "license": "ISC"
    }
  }
}
